{
  "object": {
    "pins": [
      {
        "package": "SwiftUIComponents",
        "repositoryURL": "https://github.com/moyoteg/SwiftUIComponents",
        "state": {
          "branch": "main",
          "revision": "8b2643b6b18e0e12a5e1cff663711155caf33e19",
          "version": null
        }
      },
      {
        "package": "SwiftyUserDefaults",
        "repositoryURL": "https://github.com/sunshinejr/SwiftyUserDefaults",
        "state": {
          "branch": null,
          "revision": "6c65d48296880db837afbaf28198392e416e58ef",
          "version": "5.1.0"
        }
      }
    ]
  },
  "version": 1
}
