// !$*UTF8*$!
{
	archiveVersion = 1;
	classes = {
	};
	objectVersion = 52;
	objects = {

/* Begin PBXBuildFile section */
		0442FC5F25E47B21000D7283 /* HowToSwiftApp.swift in Sources */ = {isa = PBXBuildFile; fileRef = 0442FC5E25E47B21000D7283 /* HowToSwiftApp.swift */; };
		0442FC6125E47B21000D7283 /* ContentView.swift in Sources */ = {isa = PBXBuildFile; fileRef = 0442FC6025E47B21000D7283 /* ContentView.swift */; };
		0442FC6325E47B23000D7283 /* Assets.xcassets in Resources */ = {isa = PBXBuildFile; fileRef = 0442FC6225E47B23000D7283 /* Assets.xcassets */; };
		0442FC6625E47B23000D7283 /* Preview Assets.xcassets in Resources */ = {isa = PBXBuildFile; fileRef = 0442FC6525E47B23000D7283 /* Preview Assets.xcassets */; };
		0442FC6825E47B23000D7283 /* Persistence.swift in Sources */ = {isa = PBXBuildFile; fileRef = 0442FC6725E47B23000D7283 /* Persistence.swift */; };
		0442FC6B25E47B23000D7283 /* HowToSwift.xcdatamodeld in Sources */ = {isa = PBXBuildFile; fileRef = 0442FC6925E47B23000D7283 /* HowToSwift.xcdatamodeld */; };
		0442FC7625E47B23000D7283 /* HowToSwiftTests.swift in Sources */ = {isa = PBXBuildFile; fileRef = 0442FC7525E47B23000D7283 /* HowToSwiftTests.swift */; };
		0442FC9325E47C35000D7283 /* SwiftyUserDefaults in Frameworks */ = {isa = PBXBuildFile; productRef = 0442FC9225E47C35000D7283 /* SwiftyUserDefaults */; };
		0442FCA425E48EE5000D7283 /* SwiftUIComponents in Frameworks */ = {isa = PBXBuildFile; productRef = 0442FCA325E48EE5000D7283 /* SwiftUIComponents */; };
		0442FCAF25E49149000D7283 /* HowTo.swift in Sources */ = {isa = PBXBuildFile; fileRef = 0442FCAE25E49149000D7283 /* HowTo.swift */; };
		0442FCBE25E4932A000D7283 /* UseSwiftyUserDefaults.swift in Sources */ = {isa = PBXBuildFile; fileRef = 0442FCBD25E4932A000D7283 /* UseSwiftyUserDefaults.swift */; };
		0442FCC325E49388000D7283 /* UseCoreData.swift in Sources */ = {isa = PBXBuildFile; fileRef = 0442FCC225E49388000D7283 /* UseCoreData.swift */; };
		0442FCC825E493DC000D7283 /* SandBox.swift in Sources */ = {isa = PBXBuildFile; fileRef = 0442FCC725E493DC000D7283 /* SandBox.swift */; };
		04B7067726FD9C0E00FFAD1F /* MergeDictionary.swift in Sources */ = {isa = PBXBuildFile; fileRef = 04B7067626FD9C0E00FFAD1F /* MergeDictionary.swift */; };
		04DCAC2E26E15A2B00931C5B /* UseCloudyLogs.swift in Sources */ = {isa = PBXBuildFile; fileRef = 04DCAC2D26E15A2B00931C5B /* UseCloudyLogs.swift */; };
		04DCAC3126E15C4800931C5B /* SwiftUtilities in Frameworks */ = {isa = PBXBuildFile; productRef = 04DCAC3026E15C4800931C5B /* SwiftUtilities */; };
		04DCAC3426E15C5E00931C5B /* CloudyLogs in Frameworks */ = {isa = PBXBuildFile; productRef = 04DCAC3326E15C5E00931C5B /* CloudyLogs */; };
/* End PBXBuildFile section */

/* Begin PBXContainerItemProxy section */
		0442FC7225E47B23000D7283 /* PBXContainerItemProxy */ = {
			isa = PBXContainerItemProxy;
			containerPortal = 0442FC5325E47B21000D7283 /* Project object */;
			proxyType = 1;
			remoteGlobalIDString = 0442FC5A25E47B21000D7283;
			remoteInfo = HowToSwift;
		};
		0442FC7D25E47B23000D7283 /* PBXContainerItemProxy */ = {
			isa = PBXContainerItemProxy;
			containerPortal = 0442FC5325E47B21000D7283 /* Project object */;
			proxyType = 1;
			remoteGlobalIDString = 0442FC5A25E47B21000D7283;
			remoteInfo = HowToSwift;
		};
/* End PBXContainerItemProxy section */

/* Begin PBXFileReference section */
		0442FC5B25E47B21000D7283 /* HowToSwift.app */ = {isa = PBXFileReference; explicitFileType = wrapper.application; includeInIndex = 0; path = HowToSwift.app; sourceTree = BUILT_PRODUCTS_DIR; };
		0442FC5E25E47B21000D7283 /* HowToSwiftApp.swift */ = {isa = PBXFileReference; lastKnownFileType = sourcecode.swift; path = HowToSwiftApp.swift; sourceTree = "<group>"; };
		0442FC6025E47B21000D7283 /* ContentView.swift */ = {isa = PBXFileReference; lastKnownFileType = sourcecode.swift; path = ContentView.swift; sourceTree = "<group>"; };
		0442FC6225E47B23000D7283 /* Assets.xcassets */ = {isa = PBXFileReference; lastKnownFileType = folder.assetcatalog; path = Assets.xcassets; sourceTree = "<group>"; };
		0442FC6525E47B23000D7283 /* Preview Assets.xcassets */ = {isa = PBXFileReference; lastKnownFileType = folder.assetcatalog; path = "Preview Assets.xcassets"; sourceTree = "<group>"; };
		0442FC6725E47B23000D7283 /* Persistence.swift */ = {isa = PBXFileReference; lastKnownFileType = sourcecode.swift; path = Persistence.swift; sourceTree = "<group>"; };
		0442FC6A25E47B23000D7283 /* HowToSwift.xcdatamodel */ = {isa = PBXFileReference; lastKnownFileType = wrapper.xcdatamodel; path = HowToSwift.xcdatamodel; sourceTree = "<group>"; };
		0442FC6C25E47B23000D7283 /* Info.plist */ = {isa = PBXFileReference; lastKnownFileType = text.plist.xml; path = Info.plist; sourceTree = "<group>"; };
		0442FC7125E47B23000D7283 /* HowToSwiftTests.xctest */ = {isa = PBXFileReference; explicitFileType = wrapper.cfbundle; includeInIndex = 0; path = HowToSwiftTests.xctest; sourceTree = BUILT_PRODUCTS_DIR; };
		0442FC7525E47B23000D7283 /* HowToSwiftTests.swift */ = {isa = PBXFileReference; lastKnownFileType = sourcecode.swift; path = HowToSwiftTests.swift; sourceTree = "<group>"; };
		0442FC7725E47B23000D7283 /* Info.plist */ = {isa = PBXFileReference; lastKnownFileType = text.plist.xml; path = Info.plist; sourceTree = "<group>"; };
		0442FC7C25E47B23000D7283 /* HowToSwiftUITests.xctest */ = {isa = PBXFileReference; explicitFileType = wrapper.cfbundle; includeInIndex = 0; path = HowToSwiftUITests.xctest; sourceTree = BUILT_PRODUCTS_DIR; };
		0442FCAE25E49149000D7283 /* HowTo.swift */ = {isa = PBXFileReference; fileEncoding = 4; lastKnownFileType = sourcecode.swift; path = HowTo.swift; sourceTree = "<group>"; };
		0442FCBD25E4932A000D7283 /* UseSwiftyUserDefaults.swift */ = {isa = PBXFileReference; lastKnownFileType = sourcecode.swift; path = UseSwiftyUserDefaults.swift; sourceTree = "<group>"; };
		0442FCC225E49388000D7283 /* UseCoreData.swift */ = {isa = PBXFileReference; lastKnownFileType = sourcecode.swift; path = UseCoreData.swift; sourceTree = "<group>"; };
		0442FCC725E493DC000D7283 /* SandBox.swift */ = {isa = PBXFileReference; lastKnownFileType = sourcecode.swift; path = SandBox.swift; sourceTree = "<group>"; };
		047F55DC25E6F1EA0051B567 /* HowToSwift.entitlements */ = {isa = PBXFileReference; lastKnownFileType = text.plist.entitlements; path = HowToSwift.entitlements; sourceTree = "<group>"; };
		04B7067626FD9C0E00FFAD1F /* MergeDictionary.swift */ = {isa = PBXFileReference; lastKnownFileType = sourcecode.swift; path = MergeDictionary.swift; sourceTree = "<group>"; };
		04DCAC2D26E15A2B00931C5B /* UseCloudyLogs.swift */ = {isa = PBXFileReference; lastKnownFileType = sourcecode.swift; path = UseCloudyLogs.swift; sourceTree = "<group>"; };
/* End PBXFileReference section */

/* Begin PBXFrameworksBuildPhase section */
		0442FC5825E47B21000D7283 /* Frameworks */ = {
			isa = PBXFrameworksBuildPhase;
			buildActionMask = 2147483647;
			files = (
				0442FCA425E48EE5000D7283 /* SwiftUIComponents in Frameworks */,
				0442FC9325E47C35000D7283 /* SwiftyUserDefaults in Frameworks */,
				04DCAC3126E15C4800931C5B /* SwiftUtilities in Frameworks */,
				04DCAC3426E15C5E00931C5B /* CloudyLogs in Frameworks */,
			);
			runOnlyForDeploymentPostprocessing = 0;
		};
		0442FC6E25E47B23000D7283 /* Frameworks */ = {
			isa = PBXFrameworksBuildPhase;
			buildActionMask = 2147483647;
			files = (
			);
			runOnlyForDeploymentPostprocessing = 0;
		};
		0442FC7925E47B23000D7283 /* Frameworks */ = {
			isa = PBXFrameworksBuildPhase;
			buildActionMask = 2147483647;
			files = (
			);
			runOnlyForDeploymentPostprocessing = 0;
		};
/* End PBXFrameworksBuildPhase section */

/* Begin PBXGroup section */
		0442FC5225E47B21000D7283 = {
			isa = PBXGroup;
			children = (
				0442FC5D25E47B21000D7283 /* HowToSwift */,
				0442FC7425E47B23000D7283 /* HowToSwiftTests */,
				0442FC5C25E47B21000D7283 /* Products */,
			);
			sourceTree = "<group>";
		};
		0442FC5C25E47B21000D7283 /* Products */ = {
			isa = PBXGroup;
			children = (
				0442FC5B25E47B21000D7283 /* HowToSwift.app */,
				0442FC7125E47B23000D7283 /* HowToSwiftTests.xctest */,
				0442FC7C25E47B23000D7283 /* HowToSwiftUITests.xctest */,
			);
			name = Products;
			sourceTree = "<group>";
		};
		0442FC5D25E47B21000D7283 /* HowToSwift */ = {
			isa = PBXGroup;
			children = (
				047F55DC25E6F1EA0051B567 /* HowToSwift.entitlements */,
				0442FC5E25E47B21000D7283 /* HowToSwiftApp.swift */,
				0442FC6025E47B21000D7283 /* ContentView.swift */,
				0442FCC725E493DC000D7283 /* SandBox.swift */,
				0442FC6225E47B23000D7283 /* Assets.xcassets */,
				0442FC6C25E47B23000D7283 /* Info.plist */,
				0442FCAE25E49149000D7283 /* HowTo.swift */,
				0442FCBC25E49314000D7283 /* How To's */,
				0442FC6425E47B23000D7283 /* Preview Content */,
			);
			path = HowToSwift;
			sourceTree = "<group>";
		};
		0442FC6425E47B23000D7283 /* Preview Content */ = {
			isa = PBXGroup;
			children = (
				0442FC6525E47B23000D7283 /* Preview Assets.xcassets */,
			);
			path = "Preview Content";
			sourceTree = "<group>";
		};
		0442FC7425E47B23000D7283 /* HowToSwiftTests */ = {
			isa = PBXGroup;
			children = (
				0442FC7525E47B23000D7283 /* HowToSwiftTests.swift */,
				0442FC7725E47B23000D7283 /* Info.plist */,
			);
			path = HowToSwiftTests;
			sourceTree = "<group>";
		};
		0442FCBC25E49314000D7283 /* How To's */ = {
			isa = PBXGroup;
			children = (
				0442FCBD25E4932A000D7283 /* UseSwiftyUserDefaults.swift */,
				04DCAC2D26E15A2B00931C5B /* UseCloudyLogs.swift */,
				04B7067626FD9C0E00FFAD1F /* MergeDictionary.swift */,
				046A0E2325E82ACE000088FA /* Use Core Data */,
			);
			path = "How To's";
			sourceTree = "<group>";
		};
		046A0E2325E82ACE000088FA /* Use Core Data */ = {
			isa = PBXGroup;
			children = (
				0442FC6725E47B23000D7283 /* Persistence.swift */,
				0442FC6925E47B23000D7283 /* HowToSwift.xcdatamodeld */,
				0442FCC225E49388000D7283 /* UseCoreData.swift */,
			);
			path = "Use Core Data";
			sourceTree = "<group>";
		};
/* End PBXGroup section */

/* Begin PBXNativeTarget section */
		0442FC5A25E47B21000D7283 /* HowToSwift */ = {
			isa = PBXNativeTarget;
			buildConfigurationList = 0442FC8525E47B23000D7283 /* Build configuration list for PBXNativeTarget "HowToSwift" */;
			buildPhases = (
				0442FC5725E47B21000D7283 /* Sources */,
				0442FC5825E47B21000D7283 /* Frameworks */,
				0442FC5925E47B21000D7283 /* Resources */,
			);
			buildRules = (
			);
			dependencies = (
			);
			name = HowToSwift;
			packageProductDependencies = (
				0442FC9225E47C35000D7283 /* SwiftyUserDefaults */,
				0442FCA325E48EE5000D7283 /* SwiftUIComponents */,
				04DCAC3026E15C4800931C5B /* SwiftUtilities */,
				04DCAC3326E15C5E00931C5B /* CloudyLogs */,
			);
			productName = HowToSwift;
			productReference = 0442FC5B25E47B21000D7283 /* HowToSwift.app */;
			productType = "com.apple.product-type.application";
		};
		0442FC7025E47B23000D7283 /* HowToSwiftTests */ = {
			isa = PBXNativeTarget;
			buildConfigurationList = 0442FC8825E47B23000D7283 /* Build configuration list for PBXNativeTarget "HowToSwiftTests" */;
			buildPhases = (
				0442FC6D25E47B23000D7283 /* Sources */,
				0442FC6E25E47B23000D7283 /* Frameworks */,
				0442FC6F25E47B23000D7283 /* Resources */,
			);
			buildRules = (
			);
			dependencies = (
				0442FC7325E47B23000D7283 /* PBXTargetDependency */,
			);
			name = HowToSwiftTests;
			productName = HowToSwiftTests;
			productReference = 0442FC7125E47B23000D7283 /* HowToSwiftTests.xctest */;
			productType = "com.apple.product-type.bundle.unit-test";
		};
		0442FC7B25E47B23000D7283 /* HowToSwiftUITests */ = {
			isa = PBXNativeTarget;
			buildConfigurationList = 0442FC8B25E47B23000D7283 /* Build configuration list for PBXNativeTarget "HowToSwiftUITests" */;
			buildPhases = (
				0442FC7825E47B23000D7283 /* Sources */,
				0442FC7925E47B23000D7283 /* Frameworks */,
				0442FC7A25E47B23000D7283 /* Resources */,
			);
			buildRules = (
			);
			dependencies = (
				0442FC7E25E47B23000D7283 /* PBXTargetDependency */,
			);
			name = HowToSwiftUITests;
			productName = HowToSwiftUITests;
			productReference = 0442FC7C25E47B23000D7283 /* HowToSwiftUITests.xctest */;
			productType = "com.apple.product-type.bundle.ui-testing";
		};
/* End PBXNativeTarget section */

/* Begin PBXProject section */
		0442FC5325E47B21000D7283 /* Project object */ = {
			isa = PBXProject;
			attributes = {
				LastSwiftUpdateCheck = 1240;
				LastUpgradeCheck = 1240;
				TargetAttributes = {
					0442FC5A25E47B21000D7283 = {
						CreatedOnToolsVersion = 12.4;
					};
					0442FC7025E47B23000D7283 = {
						CreatedOnToolsVersion = 12.4;
						TestTargetID = 0442FC5A25E47B21000D7283;
					};
					0442FC7B25E47B23000D7283 = {
						CreatedOnToolsVersion = 12.4;
						TestTargetID = 0442FC5A25E47B21000D7283;
					};
				};
			};
			buildConfigurationList = 0442FC5625E47B21000D7283 /* Build configuration list for PBXProject "HowToSwift" */;
			compatibilityVersion = "Xcode 9.3";
			developmentRegion = en;
			hasScannedForEncodings = 0;
			knownRegions = (
				en,
				Base,
			);
			mainGroup = 0442FC5225E47B21000D7283;
			packageReferences = (
				0442FC9125E47C35000D7283 /* XCRemoteSwiftPackageReference "SwiftyUserDefaults" */,
				0442FCA225E48EE5000D7283 /* XCRemoteSwiftPackageReference "SwiftUIComponents" */,
				04DCAC2F26E15C4800931C5B /* XCRemoteSwiftPackageReference "SwiftUtilities" */,
				04DCAC3226E15C5E00931C5B /* XCRemoteSwiftPackageReference "CloudyLogs" */,
			);
			productRefGroup = 0442FC5C25E47B21000D7283 /* Products */;
			projectDirPath = "";
			projectRoot = "";
			targets = (
				0442FC5A25E47B21000D7283 /* HowToSwift */,
				0442FC7025E47B23000D7283 /* HowToSwiftTests */,
				0442FC7B25E47B23000D7283 /* HowToSwiftUITests */,
			);
		};
/* End PBXProject section */

/* Begin PBXResourcesBuildPhase section */
		0442FC5925E47B21000D7283 /* Resources */ = {
			isa = PBXResourcesBuildPhase;
			buildActionMask = 2147483647;
			files = (
				0442FC6625E47B23000D7283 /* Preview Assets.xcassets in Resources */,
				0442FC6325E47B23000D7283 /* Assets.xcassets in Resources */,
			);
			runOnlyForDeploymentPostprocessing = 0;
		};
		0442FC6F25E47B23000D7283 /* Resources */ = {
			isa = PBXResourcesBuildPhase;
			buildActionMask = 2147483647;
			files = (
			);
			runOnlyForDeploymentPostprocessing = 0;
		};
		0442FC7A25E47B23000D7283 /* Resources */ = {
			isa = PBXResourcesBuildPhase;
			buildActionMask = 2147483647;
			files = (
			);
			runOnlyForDeploymentPostprocessing = 0;
		};
/* End PBXResourcesBuildPhase section */

/* Begin PBXSourcesBuildPhase section */
		0442FC5725E47B21000D7283 /* Sources */ = {
			isa = PBXSourcesBuildPhase;
			buildActionMask = 2147483647;
			files = (
				04B7067726FD9C0E00FFAD1F /* MergeDictionary.swift in Sources */,
				0442FC6825E47B23000D7283 /* Persistence.swift in Sources */,
				04DCAC2E26E15A2B00931C5B /* UseCloudyLogs.swift in Sources */,
				0442FC6B25E47B23000D7283 /* HowToSwift.xcdatamodeld in Sources */,
				0442FCBE25E4932A000D7283 /* UseSwiftyUserDefaults.swift in Sources */,
				0442FCAF25E49149000D7283 /* HowTo.swift in Sources */,
				0442FC6125E47B21000D7283 /* ContentView.swift in Sources */,
				0442FCC325E49388000D7283 /* UseCoreData.swift in Sources */,
				0442FC5F25E47B21000D7283 /* HowToSwiftApp.swift in Sources */,
				0442FCC825E493DC000D7283 /* SandBox.swift in Sources */,
			);
			runOnlyForDeploymentPostprocessing = 0;
		};
		0442FC6D25E47B23000D7283 /* Sources */ = {
			isa = PBXSourcesBuildPhase;
			buildActionMask = 2147483647;
			files = (
				0442FC7625E47B23000D7283 /* HowToSwiftTests.swift in Sources */,
			);
			runOnlyForDeploymentPostprocessing = 0;
		};
		0442FC7825E47B23000D7283 /* Sources */ = {
			isa = PBXSourcesBuildPhase;
			buildActionMask = 2147483647;
			files = (
			);
			runOnlyForDeploymentPostprocessing = 0;
		};
/* End PBXSourcesBuildPhase section */

/* Begin PBXTargetDependency section */
		0442FC7325E47B23000D7283 /* PBXTargetDependency */ = {
			isa = PBXTargetDependency;
			target = 0442FC5A25E47B21000D7283 /* HowToSwift */;
			targetProxy = 0442FC7225E47B23000D7283 /* PBXContainerItemProxy */;
		};
		0442FC7E25E47B23000D7283 /* PBXTargetDependency */ = {
			isa = PBXTargetDependency;
			target = 0442FC5A25E47B21000D7283 /* HowToSwift */;
			targetProxy = 0442FC7D25E47B23000D7283 /* PBXContainerItemProxy */;
		};
/* End PBXTargetDependency section */

/* Begin XCBuildConfiguration section */
		0442FC8325E47B23000D7283 /* Debug */ = {
			isa = XCBuildConfiguration;
			buildSettings = {
				ALWAYS_SEARCH_USER_PATHS = NO;
				CLANG_ANALYZER_NONNULL = YES;
				CLANG_ANALYZER_NUMBER_OBJECT_CONVERSION = YES_AGGRESSIVE;
				CLANG_CXX_LANGUAGE_STANDARD = "gnu++14";
				CLANG_CXX_LIBRARY = "libc++";
				CLANG_ENABLE_MODULES = YES;
				CLANG_ENABLE_OBJC_ARC = YES;
				CLANG_ENABLE_OBJC_WEAK = YES;
				CLANG_WARN_BLOCK_CAPTURE_AUTORELEASING = YES;
				CLANG_WARN_BOOL_CONVERSION = YES;
				CLANG_WARN_COMMA = YES;
				CLANG_WARN_CONSTANT_CONVERSION = YES;
				CLANG_WARN_DEPRECATED_OBJC_IMPLEMENTATIONS = YES;
				CLANG_WARN_DIRECT_OBJC_ISA_USAGE = YES_ERROR;
				CLANG_WARN_DOCUMENTATION_COMMENTS = YES;
				CLANG_WARN_EMPTY_BODY = YES;
				CLANG_WARN_ENUM_CONVERSION = YES;
				CLANG_WARN_INFINITE_RECURSION = YES;
				CLANG_WARN_INT_CONVERSION = YES;
				CLANG_WARN_NON_LITERAL_NULL_CONVERSION = YES;
				CLANG_WARN_OBJC_IMPLICIT_RETAIN_SELF = YES;
				CLANG_WARN_OBJC_LITERAL_CONVERSION = YES;
				CLANG_WARN_OBJC_ROOT_CLASS = YES_ERROR;
				CLANG_WARN_QUOTED_INCLUDE_IN_FRAMEWORK_HEADER = YES;
				CLANG_WARN_RANGE_LOOP_ANALYSIS = YES;
				CLANG_WARN_STRICT_PROTOTYPES = YES;
				CLANG_WARN_SUSPICIOUS_MOVE = YES;
				CLANG_WARN_UNGUARDED_AVAILABILITY = YES_AGGRESSIVE;
				CLANG_WARN_UNREACHABLE_CODE = YES;
				CLANG_WARN__DUPLICATE_METHOD_MATCH = YES;
				COPY_PHASE_STRIP = NO;
				DEBUG_INFORMATION_FORMAT = dwarf;
				ENABLE_STRICT_OBJC_MSGSEND = YES;
				ENABLE_TESTABILITY = YES;
				GCC_C_LANGUAGE_STANDARD = gnu11;
				GCC_DYNAMIC_NO_PIC = NO;
				GCC_NO_COMMON_BLOCKS = YES;
				GCC_OPTIMIZATION_LEVEL = 0;
				GCC_PREPROCESSOR_DEFINITIONS = (
					"DEBUG=1",
					"$(inherited)",
				);
				GCC_WARN_64_TO_32_BIT_CONVERSION = YES;
				GCC_WARN_ABOUT_RETURN_TYPE = YES_ERROR;
				GCC_WARN_UNDECLARED_SELECTOR = YES;
				GCC_WARN_UNINITIALIZED_AUTOS = YES_AGGRESSIVE;
				GCC_WARN_UNUSED_FUNCTION = YES;
				GCC_WARN_UNUSED_VARIABLE = YES;
				IPHONEOS_DEPLOYMENT_TARGET = 15.0;
				MTL_ENABLE_DEBUG_INFO = INCLUDE_SOURCE;
				MTL_FAST_MATH = YES;
				ONLY_ACTIVE_ARCH = YES;
				SDKROOT = iphoneos;
				SWIFT_ACTIVE_COMPILATION_CONDITIONS = DEBUG;
				SWIFT_OPTIMIZATION_LEVEL = "-Onone";
			};
			name = Debug;
		};
		0442FC8425E47B23000D7283 /* Release */ = {
			isa = XCBuildConfiguration;
			buildSettings = {
				ALWAYS_SEARCH_USER_PATHS = NO;
				CLANG_ANALYZER_NONNULL = YES;
				CLANG_ANALYZER_NUMBER_OBJECT_CONVERSION = YES_AGGRESSIVE;
				CLANG_CXX_LANGUAGE_STANDARD = "gnu++14";
				CLANG_CXX_LIBRARY = "libc++";
				CLANG_ENABLE_MODULES = YES;
				CLANG_ENABLE_OBJC_ARC = YES;
				CLANG_ENABLE_OBJC_WEAK = YES;
				CLANG_WARN_BLOCK_CAPTURE_AUTORELEASING = YES;
				CLANG_WARN_BOOL_CONVERSION = YES;
				CLANG_WARN_COMMA = YES;
				CLANG_WARN_CONSTANT_CONVERSION = YES;
				CLANG_WARN_DEPRECATED_OBJC_IMPLEMENTATIONS = YES;
				CLANG_WARN_DIRECT_OBJC_ISA_USAGE = YES_ERROR;
				CLANG_WARN_DOCUMENTATION_COMMENTS = YES;
				CLANG_WARN_EMPTY_BODY = YES;
				CLANG_WARN_ENUM_CONVERSION = YES;
				CLANG_WARN_INFINITE_RECURSION = YES;
				CLANG_WARN_INT_CONVERSION = YES;
				CLANG_WARN_NON_LITERAL_NULL_CONVERSION = YES;
				CLANG_WARN_OBJC_IMPLICIT_RETAIN_SELF = YES;
				CLANG_WARN_OBJC_LITERAL_CONVERSION = YES;
				CLANG_WARN_OBJC_ROOT_CLASS = YES_ERROR;
				CLANG_WARN_QUOTED_INCLUDE_IN_FRAMEWORK_HEADER = YES;
				CLANG_WARN_RANGE_LOOP_ANALYSIS = YES;
				CLANG_WARN_STRICT_PROTOTYPES = YES;
				CLANG_WARN_SUSPICIOUS_MOVE = YES;
				CLANG_WARN_UNGUARDED_AVAILABILITY = YES_AGGRESSIVE;
				CLANG_WARN_UNREACHABLE_CODE = YES;
				CLANG_WARN__DUPLICATE_METHOD_MATCH = YES;
				COPY_PHASE_STRIP = NO;
				DEBUG_INFORMATION_FORMAT = "dwarf-with-dsym";
				ENABLE_NS_ASSERTIONS = NO;
				ENABLE_STRICT_OBJC_MSGSEND = YES;
				GCC_C_LANGUAGE_STANDARD = gnu11;
				GCC_NO_COMMON_BLOCKS = YES;
				GCC_WARN_64_TO_32_BIT_CONVERSION = YES;
				GCC_WARN_ABOUT_RETURN_TYPE = YES_ERROR;
				GCC_WARN_UNDECLARED_SELECTOR = YES;
				GCC_WARN_UNINITIALIZED_AUTOS = YES_AGGRESSIVE;
				GCC_WARN_UNUSED_FUNCTION = YES;
				GCC_WARN_UNUSED_VARIABLE = YES;
				IPHONEOS_DEPLOYMENT_TARGET = 15.0;
				MTL_ENABLE_DEBUG_INFO = NO;
				MTL_FAST_MATH = YES;
				SDKROOT = iphoneos;
				SWIFT_COMPILATION_MODE = wholemodule;
				SWIFT_OPTIMIZATION_LEVEL = "-O";
				VALIDATE_PRODUCT = YES;
			};
			name = Release;
		};
		0442FC8625E47B23000D7283 /* Debug */ = {
			isa = XCBuildConfiguration;
			buildSettings = {
				ASSETCATALOG_COMPILER_APPICON_NAME = AppIcon;
				ASSETCATALOG_COMPILER_GLOBAL_ACCENT_COLOR_NAME = AccentColor;
				CODE_SIGN_ENTITLEMENTS = HowToSwift/HowToSwift.entitlements;
				CODE_SIGN_STYLE = Automatic;
				DEVELOPMENT_ASSET_PATHS = "\"HowToSwift/Preview Content\"";
				DEVELOPMENT_TEAM = G7882XEDUN;
				ENABLE_PREVIEWS = YES;
				INFOPLIST_FILE = HowToSwift/Info.plist;
				IPHONEOS_DEPLOYMENT_TARGET = 14.5;
				LD_RUNPATH_SEARCH_PATHS = (
					"$(inherited)",
					"@executable_path/Frameworks",
				);
				PRODUCT_BUNDLE_IDENTIFIER = com.pragcore.howtoswift.HowToSwift;
				PRODUCT_NAME = "$(TARGET_NAME)";
				SUPPORTS_MACCATALYST = YES;
				SWIFT_VERSION = 5.0;
				TARGETED_DEVICE_FAMILY = "1,2";
			};
			name = Debug;
		};
		0442FC8725E47B23000D7283 /* Release */ = {
			isa = XCBuildConfiguration;
			buildSettings = {
				ASSETCATALOG_COMPILER_APPICON_NAME = AppIcon;
				ASSETCATALOG_COMPILER_GLOBAL_ACCENT_COLOR_NAME = AccentColor;
				CODE_SIGN_ENTITLEMENTS = HowToSwift/HowToSwift.entitlements;
				CODE_SIGN_STYLE = Automatic;
				DEVELOPMENT_ASSET_PATHS = "\"HowToSwift/Preview Content\"";
				DEVELOPMENT_TEAM = G7882XEDUN;
				ENABLE_PREVIEWS = YES;
				INFOPLIST_FILE = HowToSwift/Info.plist;
				IPHONEOS_DEPLOYMENT_TARGET = 14.5;
				LD_RUNPATH_SEARCH_PATHS = (
					"$(inherited)",
					"@executable_path/Frameworks",
				);
				PRODUCT_BUNDLE_IDENTIFIER = com.pragcore.howtoswift.HowToSwift;
				PRODUCT_NAME = "$(TARGET_NAME)";
				SUPPORTS_MACCATALYST = YES;
				SWIFT_VERSION = 5.0;
				TARGETED_DEVICE_FAMILY = "1,2";
			};
			name = Release;
		};
		0442FC8925E47B23000D7283 /* Debug */ = {
			isa = XCBuildConfiguration;
			buildSettings = {
				ALWAYS_EMBED_SWIFT_STANDARD_LIBRARIES = YES;
				BUNDLE_LOADER = "$(TEST_HOST)";
				CODE_SIGN_STYLE = Automatic;
				DEVELOPMENT_TEAM = G7882XEDUN;
				INFOPLIST_FILE = HowToSwiftTests/Info.plist;
				IPHONEOS_DEPLOYMENT_TARGET = 14.5;
				LD_RUNPATH_SEARCH_PATHS = (
					"$(inherited)",
					"@executable_path/Frameworks",
					"@loader_path/Frameworks",
				);
				PRODUCT_BUNDLE_IDENTIFIER = com.pragcore.howtoswift.HowToSwiftTests;
				PRODUCT_NAME = "$(TARGET_NAME)";
				SWIFT_VERSION = 5.0;
				TARGETED_DEVICE_FAMILY = "1,2";
				TEST_HOST = "$(BUILT_PRODUCTS_DIR)/HowToSwift.app/HowToSwift";
			};
			name = Debug;
		};
		0442FC8A25E47B23000D7283 /* Release */ = {
			isa = XCBuildConfiguration;
			buildSettings = {
				ALWAYS_EMBED_SWIFT_STANDARD_LIBRARIES = YES;
				BUNDLE_LOADER = "$(TEST_HOST)";
				CODE_SIGN_STYLE = Automatic;
				DEVELOPMENT_TEAM = G7882XEDUN;
				INFOPLIST_FILE = HowToSwiftTests/Info.plist;
				IPHONEOS_DEPLOYMENT_TARGET = 14.5;
				LD_RUNPATH_SEARCH_PATHS = (
					"$(inherited)",
					"@executable_path/Frameworks",
					"@loader_path/Frameworks",
				);
				PRODUCT_BUNDLE_IDENTIFIER = com.pragcore.howtoswift.HowToSwiftTests;
				PRODUCT_NAME = "$(TARGET_NAME)";
				SWIFT_VERSION = 5.0;
				TARGETED_DEVICE_FAMILY = "1,2";
				TEST_HOST = "$(BUILT_PRODUCTS_DIR)/HowToSwift.app/HowToSwift";
			};
			name = Release;
		};
		0442FC8C25E47B23000D7283 /* Debug */ = {
			isa = XCBuildConfiguration;
			buildSettings = {
				ALWAYS_EMBED_SWIFT_STANDARD_LIBRARIES = YES;
				CODE_SIGN_STYLE = Automatic;
				DEVELOPMENT_TEAM = G7882XEDUN;
				INFOPLIST_FILE = HowToSwiftUITests/Info.plist;
				LD_RUNPATH_SEARCH_PATHS = (
					"$(inherited)",
					"@executable_path/Frameworks",
					"@loader_path/Frameworks",
				);
				PRODUCT_BUNDLE_IDENTIFIER = com.pragcore.howtoswift.HowToSwiftUITests;
				PRODUCT_NAME = "$(TARGET_NAME)";
				SWIFT_VERSION = 5.0;
				TARGETED_DEVICE_FAMILY = "1,2";
				TEST_TARGET_NAME = HowToSwift;
			};
			name = Debug;
		};
		0442FC8D25E47B23000D7283 /* Release */ = {
			isa = XCBuildConfiguration;
			buildSettings = {
				ALWAYS_EMBED_SWIFT_STANDARD_LIBRARIES = YES;
				CODE_SIGN_STYLE = Automatic;
				DEVELOPMENT_TEAM = G7882XEDUN;
				INFOPLIST_FILE = HowToSwiftUITests/Info.plist;
				LD_RUNPATH_SEARCH_PATHS = (
					"$(inherited)",
					"@executable_path/Frameworks",
					"@loader_path/Frameworks",
				);
				PRODUCT_BUNDLE_IDENTIFIER = com.pragcore.howtoswift.HowToSwiftUITests;
				PRODUCT_NAME = "$(TARGET_NAME)";
				SWIFT_VERSION = 5.0;
				TARGETED_DEVICE_FAMILY = "1,2";
				TEST_TARGET_NAME = HowToSwift;
			};
			name = Release;
		};
/* End XCBuildConfiguration section */

/* Begin XCConfigurationList section */
		0442FC5625E47B21000D7283 /* Build configuration list for PBXProject "HowToSwift" */ = {
			isa = XCConfigurationList;
			buildConfigurations = (
				0442FC8325E47B23000D7283 /* Debug */,
				0442FC8425E47B23000D7283 /* Release */,
			);
			defaultConfigurationIsVisible = 0;
			defaultConfigurationName = Release;
		};
		0442FC8525E47B23000D7283 /* Build configuration list for PBXNativeTarget "HowToSwift" */ = {
			isa = XCConfigurationList;
			buildConfigurations = (
				0442FC8625E47B23000D7283 /* Debug */,
				0442FC8725E47B23000D7283 /* Release */,
			);
			defaultConfigurationIsVisible = 0;
			defaultConfigurationName = Release;
		};
		0442FC8825E47B23000D7283 /* Build configuration list for PBXNativeTarget "HowToSwiftTests" */ = {
			isa = XCConfigurationList;
			buildConfigurations = (
				0442FC8925E47B23000D7283 /* Debug */,
				0442FC8A25E47B23000D7283 /* Release */,
			);
			defaultConfigurationIsVisible = 0;
			defaultConfigurationName = Release;
		};
		0442FC8B25E47B23000D7283 /* Build configuration list for PBXNativeTarget "HowToSwiftUITests" */ = {
			isa = XCConfigurationList;
			buildConfigurations = (
				0442FC8C25E47B23000D7283 /* Debug */,
				0442FC8D25E47B23000D7283 /* Release */,
			);
			defaultConfigurationIsVisible = 0;
			defaultConfigurationName = Release;
		};
/* End XCConfigurationList section */

/* Begin XCRemoteSwiftPackageReference section */
		0442FC9125E47C35000D7283 /* XCRemoteSwiftPackageReference "SwiftyUserDefaults" */ = {
			isa = XCRemoteSwiftPackageReference;
			repositoryURL = "https://github.com/sunshinejr/SwiftyUserDefaults";
			requirement = {
				kind = upToNextMajorVersion;
				minimumVersion = 5.1.0;
			};
		};
		0442FCA225E48EE5000D7283 /* XCRemoteSwiftPackageReference "SwiftUIComponents" */ = {
			isa = XCRemoteSwiftPackageReference;
			repositoryURL = "https://github.com/moyoteg/SwiftUIComponents";
			requirement = {
				branch = main;
				kind = branch;
			};
		};
		04DCAC2F26E15C4800931C5B /* XCRemoteSwiftPackageReference "SwiftUtilities" */ = {
			isa = XCRemoteSwiftPackageReference;
			repositoryURL = "https://github.com/moyoteg/SwiftUtilities";
			requirement = {
				branch = master;
				kind = branch;
			};
		};
		04DCAC3226E15C5E00931C5B /* XCRemoteSwiftPackageReference "CloudyLogs" */ = {
			isa = XCRemoteSwiftPackageReference;
			repositoryURL = "https://github.com/moyoteg/CloudyLogs";
			requirement = {
				branch = master;
				kind = branch;
			};
		};
/* End XCRemoteSwiftPackageReference section */

/* Begin XCSwiftPackageProductDependency section */
		0442FC9225E47C35000D7283 /* SwiftyUserDefaults */ = {
			isa = XCSwiftPackageProductDependency;
			package = 0442FC9125E47C35000D7283 /* XCRemoteSwiftPackageReference "SwiftyUserDefaults" */;
			productName = SwiftyUserDefaults;
		};
		0442FCA325E48EE5000D7283 /* SwiftUIComponents */ = {
			isa = XCSwiftPackageProductDependency;
			package = 0442FCA225E48EE5000D7283 /* XCRemoteSwiftPackageReference "SwiftUIComponents" */;
			productName = SwiftUIComponents;
		};
		04DCAC3026E15C4800931C5B /* SwiftUtilities */ = {
			isa = XCSwiftPackageProductDependency;
			package = 04DCAC2F26E15C4800931C5B /* XCRemoteSwiftPackageReference "SwiftUtilities" */;
			productName = SwiftUtilities;
		};
		04DCAC3326E15C5E00931C5B /* CloudyLogs */ = {
			isa = XCSwiftPackageProductDependency;
			package = 04DCAC3226E15C5E00931C5B /* XCRemoteSwiftPackageReference "CloudyLogs" */;
			productName = CloudyLogs;
		};
/* End XCSwiftPackageProductDependency section */

/* Begin XCVersionGroup section */
		0442FC6925E47B23000D7283 /* HowToSwift.xcdatamodeld */ = {
			isa = XCVersionGroup;
			children = (
				0442FC6A25E47B23000D7283 /* HowToSwift.xcdatamodel */,
			);
			currentVersion = 0442FC6A25E47B23000D7283 /* HowToSwift.xcdatamodel */;
			path = HowToSwift.xcdatamodeld;
			sourceTree = "<group>";
			versionGroupType = wrapper.xcdatamodel;
		};
/* End XCVersionGroup section */
	};
	rootObject = 0442FC5325E47B21000D7283 /* Project object */;
}
